// !$*UTF8*$!
{
	archiveVersion = 1;
	classes = {
	};
	objectVersion = 46;
	objects = {

/* Begin PBXBuildFile section */
		A2EC53CF7DBBC0BDC588924F /* libPods.a in Frameworks */ = {isa = PBXBuildFile; fileRef = 3E34D5A43772FDEFE3265E2B /* libPods.a */; };
		C4BBA3561CDEE4B10012AE66 /* main.m in Sources */ = {isa = PBXBuildFile; fileRef = C4BBA3551CDEE4B10012AE66 /* main.m */; };
		C4BBA3591CDEE4B10012AE66 /* AppDelegate.m in Sources */ = {isa = PBXBuildFile; fileRef = C4BBA3581CDEE4B10012AE66 /* AppDelegate.m */; };
		C4BBA35F1CDEE4B10012AE66 /* Main.storyboard in Resources */ = {isa = PBXBuildFile; fileRef = C4BBA35D1CDEE4B10012AE66 /* Main.storyboard */; };
		C4BBA3611CDEE4B10012AE66 /* Assets.xcassets in Resources */ = {isa = PBXBuildFile; fileRef = C4BBA3601CDEE4B10012AE66 /* Assets.xcassets */; };
		C4BBA3641CDEE4B10012AE66 /* LaunchScreen.storyboard in Resources */ = {isa = PBXBuildFile; fileRef = C4BBA3621CDEE4B10012AE66 /* LaunchScreen.storyboard */; };
		C4BBA36F1CDEE4B20012AE66 /* NewProjectTests.m in Sources */ = {isa = PBXBuildFile; fileRef = C4BBA36E1CDEE4B20012AE66 /* NewProjectTests.m */; };
		C4BBA37A1CDEE4B20012AE66 /* NewProjectUITests.m in Sources */ = {isa = PBXBuildFile; fileRef = C4BBA3791CDEE4B20012AE66 /* NewProjectUITests.m */; };
		C4BBA3A31CDEF6420012AE66 /* JKTabBarController.m in Sources */ = {isa = PBXBuildFile; fileRef = C4BBA3A21CDEF6420012AE66 /* JKTabBarController.m */; };
		C4BBA3A91CDEF6BF0012AE66 /* JKEssenceViewController.m in Sources */ = {isa = PBXBuildFile; fileRef = C4BBA3A81CDEF6BF0012AE66 /* JKEssenceViewController.m */; };
		C4BBA3AC1CDEF6CD0012AE66 /* JKNewViewContoller.m in Sources */ = {isa = PBXBuildFile; fileRef = C4BBA3AB1CDEF6CD0012AE66 /* JKNewViewContoller.m */; };
		C4BBA3AF1CDEF6DD0012AE66 /* JKPublishViewController.m in Sources */ = {isa = PBXBuildFile; fileRef = C4BBA3AE1CDEF6DD0012AE66 /* JKPublishViewController.m */; };
		C4BBA3B21CDEF7040012AE66 /* JKFriendTrendViewController.m in Sources */ = {isa = PBXBuildFile; fileRef = C4BBA3B11CDEF7040012AE66 /* JKFriendTrendViewController.m */; };
		C4BBA3B51CDEF71E0012AE66 /* JKMeViewContoller.m in Sources */ = {isa = PBXBuildFile; fileRef = C4BBA3B41CDEF71E0012AE66 /* JKMeViewContoller.m */; };
		C4BBA3B81CDEF8750012AE66 /* UIImage+Render.m in Sources */ = {isa = PBXBuildFile; fileRef = C4BBA3B71CDEF8750012AE66 /* UIImage+Render.m */; };
		C4BBA3BC1CDF06AF0012AE66 /* JKTabBar.m in Sources */ = {isa = PBXBuildFile; fileRef = C4BBA3BA1CDF06AF0012AE66 /* JKTabBar.m */; };
		C4BBA3BF1CDF06DB0012AE66 /* UIView+Frame.m in Sources */ = {isa = PBXBuildFile; fileRef = C4BBA3BE1CDF06DB0012AE66 /* UIView+Frame.m */; };
		C4BBA3C31CDF0BB50012AE66 /* UIBarButtonItem+Item.m in Sources */ = {isa = PBXBuildFile; fileRef = C4BBA3C21CDF0BB50012AE66 /* UIBarButtonItem+Item.m */; };
		C4BBA3C61CDF0F6D0012AE66 /* JKNavigationController.m in Sources */ = {isa = PBXBuildFile; fileRef = C4BBA3C51CDF0F6D0012AE66 /* JKNavigationController.m */; };
		C4BBA3CA1CDF13650012AE66 /* JKADViewController.m in Sources */ = {isa = PBXBuildFile; fileRef = C4BBA3C81CDF13650012AE66 /* JKADViewController.m */; };
		C4BBA3CB1CDF13650012AE66 /* JKADViewController.xib in Resources */ = {isa = PBXBuildFile; fileRef = C4BBA3C91CDF13650012AE66 /* JKADViewController.xib */; };
		C4BBA3D41CDF13B30012AE66 /* LaunchImage-568h@2x.png in Resources */ = {isa = PBXBuildFile; fileRef = C4BBA3CD1CDF13B30012AE66 /* LaunchImage-568h@2x.png */; };
		C4BBA3D51CDF13B30012AE66 /* LaunchImage-700-568h@2x.png in Resources */ = {isa = PBXBuildFile; fileRef = C4BBA3CE1CDF13B30012AE66 /* LaunchImage-700-568h@2x.png */; };
		C4BBA3D61CDF13B30012AE66 /* LaunchImage-700@2x.png in Resources */ = {isa = PBXBuildFile; fileRef = C4BBA3CF1CDF13B30012AE66 /* LaunchImage-700@2x.png */; };
		C4BBA3D71CDF13B30012AE66 /* LaunchImage-800-667h@2x.png in Resources */ = {isa = PBXBuildFile; fileRef = C4BBA3D01CDF13B30012AE66 /* LaunchImage-800-667h@2x.png */; };
		C4BBA3D81CDF13B30012AE66 /* LaunchImage-800-Portrait-736h@3x.png in Resources */ = {isa = PBXBuildFile; fileRef = C4BBA3D11CDF13B30012AE66 /* LaunchImage-800-Portrait-736h@3x.png */; };
		C4BBA3D91CDF13B30012AE66 /* LaunchImage.png in Resources */ = {isa = PBXBuildFile; fileRef = C4BBA3D21CDF13B30012AE66 /* LaunchImage.png */; };
		C4BBA3DA1CDF13B30012AE66 /* LaunchImage@2x.png in Resources */ = {isa = PBXBuildFile; fileRef = C4BBA3D31CDF13B30012AE66 /* LaunchImage@2x.png */; };
		C4BBA3DE1CDF159B0012AE66 /* JKADItem.m in Sources */ = {isa = PBXBuildFile; fileRef = C4BBA3DD1CDF159B0012AE66 /* JKADItem.m */; };
		C4BBA3E11CDF16F20012AE66 /* JKConstant.m in Sources */ = {isa = PBXBuildFile; fileRef = C4BBA3E01CDF16F20012AE66 /* JKConstant.m */; };
		C4BBA3E51CDF1C410012AE66 /* JKSubTagCell.m in Sources */ = {isa = PBXBuildFile; fileRef = C4BBA3E31CDF1C410012AE66 /* JKSubTagCell.m */; };
		C4BBA3E61CDF1C410012AE66 /* JKSubTagCell.xib in Resources */ = {isa = PBXBuildFile; fileRef = C4BBA3E41CDF1C410012AE66 /* JKSubTagCell.xib */; };
		C4BBA3E91CDF1C490012AE66 /* JKSubTagItem.m in Sources */ = {isa = PBXBuildFile; fileRef = C4BBA3E81CDF1C490012AE66 /* JKSubTagItem.m */; };
		C4BBA3EC1CDF1C550012AE66 /* JKSubTagViewController.m in Sources */ = {isa = PBXBuildFile; fileRef = C4BBA3EB1CDF1C550012AE66 /* JKSubTagViewController.m */; };
		C4BBA3F11CDF25190012AE66 /* JKFriendTrendsViewController.xib in Resources */ = {isa = PBXBuildFile; fileRef = C4BBA3EF1CDF25190012AE66 /* JKFriendTrendsViewController.xib */; };
		C4BBA3F51CDF25640012AE66 /* JKLoginRegisterView.m in Sources */ = {isa = PBXBuildFile; fileRef = C4BBA3F31CDF25640012AE66 /* JKLoginRegisterView.m */; };
		C4BBA3F61CDF25640012AE66 /* JKLoginRegisterView.xib in Resources */ = {isa = PBXBuildFile; fileRef = C4BBA3F41CDF25640012AE66 /* JKLoginRegisterView.xib */; };
		C4BBA3FA1CDF25790012AE66 /* JKLoginViewController.m in Sources */ = {isa = PBXBuildFile; fileRef = C4BBA3F81CDF25790012AE66 /* JKLoginViewController.m */; };
		C4BBA3FB1CDF25790012AE66 /* JKLoginViewController.xib in Resources */ = {isa = PBXBuildFile; fileRef = C4BBA3F91CDF25790012AE66 /* JKLoginViewController.xib */; };
		C4BBA3FF1CDF262E0012AE66 /* JKFastLogin.m in Sources */ = {isa = PBXBuildFile; fileRef = C4BBA3FD1CDF262E0012AE66 /* JKFastLogin.m */; };
		C4BBA4001CDF262E0012AE66 /* JKFastLogin.xib in Resources */ = {isa = PBXBuildFile; fileRef = C4BBA3FE1CDF262E0012AE66 /* JKFastLogin.xib */; };
		C4BBA4031CDF26390012AE66 /* JKFastLoginBtn.m in Sources */ = {isa = PBXBuildFile; fileRef = C4BBA4021CDF26390012AE66 /* JKFastLoginBtn.m */; };
		C4BBA4061CDF27690012AE66 /* UITextField+Placeholder.m in Sources */ = {isa = PBXBuildFile; fileRef = C4BBA4051CDF27690012AE66 /* UITextField+Placeholder.m */; };
/* End PBXBuildFile section */

/* Begin PBXContainerItemProxy section */
		C4BBA36B1CDEE4B20012AE66 /* PBXContainerItemProxy */ = {
			isa = PBXContainerItemProxy;
			containerPortal = C4BBA3491CDEE4B10012AE66 /* Project object */;
			proxyType = 1;
			remoteGlobalIDString = C4BBA3501CDEE4B10012AE66;
			remoteInfo = NewProject;
		};
		C4BBA3761CDEE4B20012AE66 /* PBXContainerItemProxy */ = {
			isa = PBXContainerItemProxy;
			containerPortal = C4BBA3491CDEE4B10012AE66 /* Project object */;
			proxyType = 1;
			remoteGlobalIDString = C4BBA3501CDEE4B10012AE66;
			remoteInfo = NewProject;
		};
/* End PBXContainerItemProxy section */

/* Begin PBXFileReference section */
		12A9737760E7BFB798FE3003 /* Pods.release.xcconfig */ = {isa = PBXFileReference; includeInIndex = 1; lastKnownFileType = text.xcconfig; name = Pods.release.xcconfig; path = "Pods/Target Support Files/Pods/Pods.release.xcconfig"; sourceTree = "<group>"; };
		3E34D5A43772FDEFE3265E2B /* libPods.a */ = {isa = PBXFileReference; explicitFileType = archive.ar; includeInIndex = 0; path = libPods.a; sourceTree = BUILT_PRODUCTS_DIR; };
		5472DC87B5F5B5107CBD4380 /* Pods.debug.xcconfig */ = {isa = PBXFileReference; includeInIndex = 1; lastKnownFileType = text.xcconfig; name = Pods.debug.xcconfig; path = "Pods/Target Support Files/Pods/Pods.debug.xcconfig"; sourceTree = "<group>"; };
		C4BBA3511CDEE4B10012AE66 /* NewProject.app */ = {isa = PBXFileReference; explicitFileType = wrapper.application; includeInIndex = 0; path = NewProject.app; sourceTree = BUILT_PRODUCTS_DIR; };
		C4BBA3551CDEE4B10012AE66 /* main.m */ = {isa = PBXFileReference; lastKnownFileType = sourcecode.c.objc; path = main.m; sourceTree = "<group>"; };
		C4BBA3571CDEE4B10012AE66 /* AppDelegate.h */ = {isa = PBXFileReference; lastKnownFileType = sourcecode.c.h; path = AppDelegate.h; sourceTree = "<group>"; };
		C4BBA3581CDEE4B10012AE66 /* AppDelegate.m */ = {isa = PBXFileReference; lastKnownFileType = sourcecode.c.objc; path = AppDelegate.m; sourceTree = "<group>"; };
		C4BBA35E1CDEE4B10012AE66 /* Base */ = {isa = PBXFileReference; lastKnownFileType = file.storyboard; name = Base; path = Base.lproj/Main.storyboard; sourceTree = "<group>"; };
		C4BBA3601CDEE4B10012AE66 /* Assets.xcassets */ = {isa = PBXFileReference; lastKnownFileType = folder.assetcatalog; path = Assets.xcassets; sourceTree = "<group>"; };
		C4BBA3631CDEE4B10012AE66 /* Base */ = {isa = PBXFileReference; lastKnownFileType = file.storyboard; name = Base; path = Base.lproj/LaunchScreen.storyboard; sourceTree = "<group>"; };
		C4BBA3651CDEE4B10012AE66 /* Info.plist */ = {isa = PBXFileReference; lastKnownFileType = text.plist.xml; path = Info.plist; sourceTree = "<group>"; };
		C4BBA36A1CDEE4B20012AE66 /* NewProjectTests.xctest */ = {isa = PBXFileReference; explicitFileType = wrapper.cfbundle; includeInIndex = 0; path = NewProjectTests.xctest; sourceTree = BUILT_PRODUCTS_DIR; };
		C4BBA36E1CDEE4B20012AE66 /* NewProjectTests.m */ = {isa = PBXFileReference; lastKnownFileType = sourcecode.c.objc; path = NewProjectTests.m; sourceTree = "<group>"; };
		C4BBA3701CDEE4B20012AE66 /* Info.plist */ = {isa = PBXFileReference; lastKnownFileType = text.plist.xml; path = Info.plist; sourceTree = "<group>"; };
		C4BBA3751CDEE4B20012AE66 /* NewProjectUITests.xctest */ = {isa = PBXFileReference; explicitFileType = wrapper.cfbundle; includeInIndex = 0; path = NewProjectUITests.xctest; sourceTree = BUILT_PRODUCTS_DIR; };
		C4BBA3791CDEE4B20012AE66 /* NewProjectUITests.m */ = {isa = PBXFileReference; lastKnownFileType = sourcecode.c.objc; path = NewProjectUITests.m; sourceTree = "<group>"; };
		C4BBA37B1CDEE4B20012AE66 /* Info.plist */ = {isa = PBXFileReference; lastKnownFileType = text.plist.xml; path = Info.plist; sourceTree = "<group>"; };
		C4BBA3A11CDEF6420012AE66 /* JKTabBarController.h */ = {isa = PBXFileReference; fileEncoding = 4; lastKnownFileType = sourcecode.c.h; path = JKTabBarController.h; sourceTree = "<group>"; };
		C4BBA3A21CDEF6420012AE66 /* JKTabBarController.m */ = {isa = PBXFileReference; fileEncoding = 4; lastKnownFileType = sourcecode.c.objc; path = JKTabBarController.m; sourceTree = "<group>"; };
		C4BBA3A71CDEF6BF0012AE66 /* JKEssenceViewController.h */ = {isa = PBXFileReference; fileEncoding = 4; lastKnownFileType = sourcecode.c.h; path = JKEssenceViewController.h; sourceTree = "<group>"; };
		C4BBA3A81CDEF6BF0012AE66 /* JKEssenceViewController.m */ = {isa = PBXFileReference; fileEncoding = 4; lastKnownFileType = sourcecode.c.objc; path = JKEssenceViewController.m; sourceTree = "<group>"; };
		C4BBA3AA1CDEF6CD0012AE66 /* JKNewViewContoller.h */ = {isa = PBXFileReference; fileEncoding = 4; lastKnownFileType = sourcecode.c.h; path = JKNewViewContoller.h; sourceTree = "<group>"; };
		C4BBA3AB1CDEF6CD0012AE66 /* JKNewViewContoller.m */ = {isa = PBXFileReference; fileEncoding = 4; lastKnownFileType = sourcecode.c.objc; path = JKNewViewContoller.m; sourceTree = "<group>"; };
		C4BBA3AD1CDEF6DD0012AE66 /* JKPublishViewController.h */ = {isa = PBXFileReference; fileEncoding = 4; lastKnownFileType = sourcecode.c.h; path = JKPublishViewController.h; sourceTree = "<group>"; };
		C4BBA3AE1CDEF6DD0012AE66 /* JKPublishViewController.m */ = {isa = PBXFileReference; fileEncoding = 4; lastKnownFileType = sourcecode.c.objc; path = JKPublishViewController.m; sourceTree = "<group>"; };
		C4BBA3B01CDEF7040012AE66 /* JKFriendTrendViewController.h */ = {isa = PBXFileReference; fileEncoding = 4; lastKnownFileType = sourcecode.c.h; path = JKFriendTrendViewController.h; sourceTree = "<group>"; };
		C4BBA3B11CDEF7040012AE66 /* JKFriendTrendViewController.m */ = {isa = PBXFileReference; fileEncoding = 4; lastKnownFileType = sourcecode.c.objc; path = JKFriendTrendViewController.m; sourceTree = "<group>"; };
		C4BBA3B31CDEF71E0012AE66 /* JKMeViewContoller.h */ = {isa = PBXFileReference; fileEncoding = 4; lastKnownFileType = sourcecode.c.h; path = JKMeViewContoller.h; sourceTree = "<group>"; };
		C4BBA3B41CDEF71E0012AE66 /* JKMeViewContoller.m */ = {isa = PBXFileReference; fileEncoding = 4; lastKnownFileType = sourcecode.c.objc; path = JKMeViewContoller.m; sourceTree = "<group>"; };
		C4BBA3B61CDEF8750012AE66 /* UIImage+Render.h */ = {isa = PBXFileReference; fileEncoding = 4; lastKnownFileType = sourcecode.c.h; path = "UIImage+Render.h"; sourceTree = "<group>"; };
		C4BBA3B71CDEF8750012AE66 /* UIImage+Render.m */ = {isa = PBXFileReference; fileEncoding = 4; lastKnownFileType = sourcecode.c.objc; path = "UIImage+Render.m"; sourceTree = "<group>"; };
		C4BBA3BA1CDF06AF0012AE66 /* JKTabBar.m */ = {isa = PBXFileReference; fileEncoding = 4; lastKnownFileType = sourcecode.c.objc; path = JKTabBar.m; sourceTree = "<group>"; };
		C4BBA3BB1CDF06AF0012AE66 /* JKTabBar.h */ = {isa = PBXFileReference; fileEncoding = 4; lastKnownFileType = sourcecode.c.h; path = JKTabBar.h; sourceTree = "<group>"; };
		C4BBA3BD1CDF06DB0012AE66 /* UIView+Frame.h */ = {isa = PBXFileReference; fileEncoding = 4; lastKnownFileType = sourcecode.c.h; path = "UIView+Frame.h"; sourceTree = "<group>"; };
		C4BBA3BE1CDF06DB0012AE66 /* UIView+Frame.m */ = {isa = PBXFileReference; fileEncoding = 4; lastKnownFileType = sourcecode.c.objc; path = "UIView+Frame.m"; sourceTree = "<group>"; };
		C4BBA3C01CDF06EC0012AE66 /* BuDeJie.pch */ = {isa = PBXFileReference; fileEncoding = 4; lastKnownFileType = sourcecode.c.h; path = BuDeJie.pch; sourceTree = "<group>"; };
		C4BBA3C11CDF0BB50012AE66 /* UIBarButtonItem+Item.h */ = {isa = PBXFileReference; fileEncoding = 4; lastKnownFileType = sourcecode.c.h; path = "UIBarButtonItem+Item.h"; sourceTree = "<group>"; };
		C4BBA3C21CDF0BB50012AE66 /* UIBarButtonItem+Item.m */ = {isa = PBXFileReference; fileEncoding = 4; lastKnownFileType = sourcecode.c.objc; path = "UIBarButtonItem+Item.m"; sourceTree = "<group>"; };
		C4BBA3C41CDF0F6D0012AE66 /* JKNavigationController.h */ = {isa = PBXFileReference; fileEncoding = 4; lastKnownFileType = sourcecode.c.h; path = JKNavigationController.h; sourceTree = "<group>"; };
		C4BBA3C51CDF0F6D0012AE66 /* JKNavigationController.m */ = {isa = PBXFileReference; fileEncoding = 4; lastKnownFileType = sourcecode.c.objc; path = JKNavigationController.m; sourceTree = "<group>"; };
		C4BBA3C71CDF13650012AE66 /* JKADViewController.h */ = {isa = PBXFileReference; fileEncoding = 4; lastKnownFileType = sourcecode.c.h; path = JKADViewController.h; sourceTree = "<group>"; };
		C4BBA3C81CDF13650012AE66 /* JKADViewController.m */ = {isa = PBXFileReference; fileEncoding = 4; lastKnownFileType = sourcecode.c.objc; path = JKADViewController.m; sourceTree = "<group>"; };
		C4BBA3C91CDF13650012AE66 /* JKADViewController.xib */ = {isa = PBXFileReference; fileEncoding = 4; lastKnownFileType = file.xib; path = JKADViewController.xib; sourceTree = "<group>"; };
		C4BBA3CD1CDF13B30012AE66 /* LaunchImage-568h@2x.png */ = {isa = PBXFileReference; lastKnownFileType = image.png; path = "LaunchImage-568h@2x.png"; sourceTree = "<group>"; };
		C4BBA3CE1CDF13B30012AE66 /* LaunchImage-700-568h@2x.png */ = {isa = PBXFileReference; lastKnownFileType = image.png; path = "LaunchImage-700-568h@2x.png"; sourceTree = "<group>"; };
		C4BBA3CF1CDF13B30012AE66 /* LaunchImage-700@2x.png */ = {isa = PBXFileReference; lastKnownFileType = image.png; path = "LaunchImage-700@2x.png"; sourceTree = "<group>"; };
		C4BBA3D01CDF13B30012AE66 /* LaunchImage-800-667h@2x.png */ = {isa = PBXFileReference; lastKnownFileType = image.png; path = "LaunchImage-800-667h@2x.png"; sourceTree = "<group>"; };
		C4BBA3D11CDF13B30012AE66 /* LaunchImage-800-Portrait-736h@3x.png */ = {isa = PBXFileReference; lastKnownFileType = image.png; path = "LaunchImage-800-Portrait-736h@3x.png"; sourceTree = "<group>"; };
		C4BBA3D21CDF13B30012AE66 /* LaunchImage.png */ = {isa = PBXFileReference; lastKnownFileType = image.png; path = LaunchImage.png; sourceTree = "<group>"; };
		C4BBA3D31CDF13B30012AE66 /* LaunchImage@2x.png */ = {isa = PBXFileReference; lastKnownFileType = image.png; path = "LaunchImage@2x.png"; sourceTree = "<group>"; };
		C4BBA3DC1CDF159B0012AE66 /* JKADItem.h */ = {isa = PBXFileReference; fileEncoding = 4; lastKnownFileType = sourcecode.c.h; path = JKADItem.h; sourceTree = "<group>"; };
		C4BBA3DD1CDF159B0012AE66 /* JKADItem.m */ = {isa = PBXFileReference; fileEncoding = 4; lastKnownFileType = sourcecode.c.objc; path = JKADItem.m; sourceTree = "<group>"; };
		C4BBA3DF1CDF16F20012AE66 /* JKConstant.h */ = {isa = PBXFileReference; fileEncoding = 4; lastKnownFileType = sourcecode.c.h; path = JKConstant.h; sourceTree = "<group>"; };
		C4BBA3E01CDF16F20012AE66 /* JKConstant.m */ = {isa = PBXFileReference; fileEncoding = 4; lastKnownFileType = sourcecode.c.objc; path = JKConstant.m; sourceTree = "<group>"; };
		C4BBA3E21CDF1C410012AE66 /* JKSubTagCell.h */ = {isa = PBXFileReference; fileEncoding = 4; lastKnownFileType = sourcecode.c.h; path = JKSubTagCell.h; sourceTree = "<group>"; };
		C4BBA3E31CDF1C410012AE66 /* JKSubTagCell.m */ = {isa = PBXFileReference; fileEncoding = 4; lastKnownFileType = sourcecode.c.objc; path = JKSubTagCell.m; sourceTree = "<group>"; };
		C4BBA3E41CDF1C410012AE66 /* JKSubTagCell.xib */ = {isa = PBXFileReference; fileEncoding = 4; lastKnownFileType = file.xib; path = JKSubTagCell.xib; sourceTree = "<group>"; };
		C4BBA3E71CDF1C490012AE66 /* JKSubTagItem.h */ = {isa = PBXFileReference; fileEncoding = 4; lastKnownFileType = sourcecode.c.h; path = JKSubTagItem.h; sourceTree = "<group>"; };
		C4BBA3E81CDF1C490012AE66 /* JKSubTagItem.m */ = {isa = PBXFileReference; fileEncoding = 4; lastKnownFileType = sourcecode.c.objc; path = JKSubTagItem.m; sourceTree = "<group>"; };
		C4BBA3EA1CDF1C550012AE66 /* JKSubTagViewController.h */ = {isa = PBXFileReference; fileEncoding = 4; lastKnownFileType = sourcecode.c.h; path = JKSubTagViewController.h; sourceTree = "<group>"; };
		C4BBA3EB1CDF1C550012AE66 /* JKSubTagViewController.m */ = {isa = PBXFileReference; fileEncoding = 4; lastKnownFileType = sourcecode.c.objc; path = JKSubTagViewController.m; sourceTree = "<group>"; };
		C4BBA3EF1CDF25190012AE66 /* JKFriendTrendsViewController.xib */ = {isa = PBXFileReference; fileEncoding = 4; lastKnownFileType = file.xib; path = JKFriendTrendsViewController.xib; sourceTree = "<group>"; };
		C4BBA3F21CDF25640012AE66 /* JKLoginRegisterView.h */ = {isa = PBXFileReference; fileEncoding = 4; lastKnownFileType = sourcecode.c.h; name = JKLoginRegisterView.h; path = ../Controller/JKLoginRegisterView.h; sourceTree = "<group>"; };
		C4BBA3F31CDF25640012AE66 /* JKLoginRegisterView.m */ = {isa = PBXFileReference; fileEncoding = 4; lastKnownFileType = sourcecode.c.objc; name = JKLoginRegisterView.m; path = ../Controller/JKLoginRegisterView.m; sourceTree = "<group>"; };
		C4BBA3F41CDF25640012AE66 /* JKLoginRegisterView.xib */ = {isa = PBXFileReference; fileEncoding = 4; lastKnownFileType = file.xib; name = JKLoginRegisterView.xib; path = ../Controller/JKLoginRegisterView.xib; sourceTree = "<group>"; };
		C4BBA3F71CDF25790012AE66 /* JKLoginViewController.h */ = {isa = PBXFileReference; fileEncoding = 4; lastKnownFileType = sourcecode.c.h; path = JKLoginViewController.h; sourceTree = "<group>"; };
		C4BBA3F81CDF25790012AE66 /* JKLoginViewController.m */ = {isa = PBXFileReference; fileEncoding = 4; lastKnownFileType = sourcecode.c.objc; path = JKLoginViewController.m; sourceTree = "<group>"; };
		C4BBA3F91CDF25790012AE66 /* JKLoginViewController.xib */ = {isa = PBXFileReference; fileEncoding = 4; lastKnownFileType = file.xib; path = JKLoginViewController.xib; sourceTree = "<group>"; };
		C4BBA3FC1CDF262E0012AE66 /* JKFastLogin.h */ = {isa = PBXFileReference; fileEncoding = 4; lastKnownFileType = sourcecode.c.h; path = JKFastLogin.h; sourceTree = "<group>"; };
		C4BBA3FD1CDF262E0012AE66 /* JKFastLogin.m */ = {isa = PBXFileReference; fileEncoding = 4; lastKnownFileType = sourcecode.c.objc; path = JKFastLogin.m; sourceTree = "<group>"; };
		C4BBA3FE1CDF262E0012AE66 /* JKFastLogin.xib */ = {isa = PBXFileReference; fileEncoding = 4; lastKnownFileType = file.xib; path = JKFastLogin.xib; sourceTree = "<group>"; };
		C4BBA4011CDF26390012AE66 /* JKFastLoginBtn.h */ = {isa = PBXFileReference; fileEncoding = 4; lastKnownFileType = sourcecode.c.h; name = JKFastLoginBtn.h; path = ../Controller/JKFastLoginBtn.h; sourceTree = "<group>"; };
		C4BBA4021CDF26390012AE66 /* JKFastLoginBtn.m */ = {isa = PBXFileReference; fileEncoding = 4; lastKnownFileType = sourcecode.c.objc; name = JKFastLoginBtn.m; path = ../Controller/JKFastLoginBtn.m; sourceTree = "<group>"; };
		C4BBA4041CDF27690012AE66 /* UITextField+Placeholder.h */ = {isa = PBXFileReference; fileEncoding = 4; lastKnownFileType = sourcecode.c.h; path = "UITextField+Placeholder.h"; sourceTree = "<group>"; };
		C4BBA4051CDF27690012AE66 /* UITextField+Placeholder.m */ = {isa = PBXFileReference; fileEncoding = 4; lastKnownFileType = sourcecode.c.objc; path = "UITextField+Placeholder.m"; sourceTree = "<group>"; };
/* End PBXFileReference section */

/* Begin PBXFrameworksBuildPhase section */
		C4BBA34E1CDEE4B10012AE66 /* Frameworks */ = {
			isa = PBXFrameworksBuildPhase;
			buildActionMask = 2147483647;
			files = (
				A2EC53CF7DBBC0BDC588924F /* libPods.a in Frameworks */,
			);
			runOnlyForDeploymentPostprocessing = 0;
		};
		C4BBA3671CDEE4B20012AE66 /* Frameworks */ = {
			isa = PBXFrameworksBuildPhase;
			buildActionMask = 2147483647;
			files = (
			);
			runOnlyForDeploymentPostprocessing = 0;
		};
		C4BBA3721CDEE4B20012AE66 /* Frameworks */ = {
			isa = PBXFrameworksBuildPhase;
			buildActionMask = 2147483647;
			files = (
			);
			runOnlyForDeploymentPostprocessing = 0;
		};
/* End PBXFrameworksBuildPhase section */

/* Begin PBXGroup section */
		9ACAAAA83FB8C86AF648BE16 /* Frameworks */ = {
			isa = PBXGroup;
			children = (
				3E34D5A43772FDEFE3265E2B /* libPods.a */,
			);
			name = Frameworks;
			sourceTree = "<group>";
		};
		C4BBA3481CDEE4B10012AE66 = {
			isa = PBXGroup;
			children = (
				C4BBA3531CDEE4B10012AE66 /* NewProject */,
				C4BBA36D1CDEE4B20012AE66 /* NewProjectTests */,
				C4BBA3781CDEE4B20012AE66 /* NewProjectUITests */,
				C4BBA3521CDEE4B10012AE66 /* Products */,
				FB84AF8C3693BF1E3C925D47 /* Pods */,
				9ACAAAA83FB8C86AF648BE16 /* Frameworks */,
			);
			sourceTree = "<group>";
		};
		C4BBA3521CDEE4B10012AE66 /* Products */ = {
			isa = PBXGroup;
			children = (
				C4BBA3511CDEE4B10012AE66 /* NewProject.app */,
				C4BBA36A1CDEE4B20012AE66 /* NewProjectTests.xctest */,
				C4BBA3751CDEE4B20012AE66 /* NewProjectUITests.xctest */,
			);
			name = Products;
			sourceTree = "<group>";
		};
		C4BBA3531CDEE4B10012AE66 /* NewProject */ = {
			isa = PBXGroup;
			children = (
				C4BBA3881CDEE7620012AE66 /* Classes */,
				C4BBA3601CDEE4B10012AE66 /* Assets.xcassets */,
				C4BBA3DB1CDF13BE0012AE66 /* LauchScreen */,
				C4BBA3541CDEE4B10012AE66 /* Supporting Files */,
			);
			path = NewProject;
			sourceTree = "<group>";
		};
		C4BBA3541CDEE4B10012AE66 /* Supporting Files */ = {
			isa = PBXGroup;
			children = (
				C4BBA3551CDEE4B10012AE66 /* main.m */,
			);
			name = "Supporting Files";
			sourceTree = "<group>";
		};
		C4BBA36D1CDEE4B20012AE66 /* NewProjectTests */ = {
			isa = PBXGroup;
			children = (
				C4BBA36E1CDEE4B20012AE66 /* NewProjectTests.m */,
				C4BBA3701CDEE4B20012AE66 /* Info.plist */,
			);
			path = NewProjectTests;
			sourceTree = "<group>";
		};
		C4BBA3781CDEE4B20012AE66 /* NewProjectUITests */ = {
			isa = PBXGroup;
			children = (
				C4BBA3791CDEE4B20012AE66 /* NewProjectUITests.m */,
				C4BBA37B1CDEE4B20012AE66 /* Info.plist */,
			);
			path = NewProjectUITests;
			sourceTree = "<group>";
		};
		C4BBA3871CDEE6790012AE66 /* Other */ = {
			isa = PBXGroup;
			children = (
				C4BBA3B91CDEF87C0012AE66 /* Category */,
				C4BBA3571CDEE4B10012AE66 /* AppDelegate.h */,
				C4BBA3581CDEE4B10012AE66 /* AppDelegate.m */,
				C4BBA35D1CDEE4B10012AE66 /* Main.storyboard */,
				C4BBA3621CDEE4B10012AE66 /* LaunchScreen.storyboard */,
				C4BBA3651CDEE4B10012AE66 /* Info.plist */,
			);
			name = Other;
			path = ..;
			sourceTree = "<group>";
		};
		C4BBA3881CDEE7620012AE66 /* Classes */ = {
			isa = PBXGroup;
			children = (
				C4BBA3CC1CDF136A0012AE66 /* AD */,
				C4BBA3911CDEE7620012AE66 /* Main */,
				C4BBA3891CDEE7620012AE66 /* Essence(精华) */,
				C4BBA3991CDEE7620012AE66 /* New(新帖) */,
				C4BBA39D1CDEE7620012AE66 /* Publish(发布) */,
				C4BBA38D1CDEE7620012AE66 /* FriendTrend(关注) */,
				C4BBA3951CDEE7620012AE66 /* Me(我) */,
				C4BBA3871CDEE6790012AE66 /* Other */,
			);
			path = Classes;
			sourceTree = "<group>";
		};
		C4BBA3891CDEE7620012AE66 /* Essence(精华) */ = {
			isa = PBXGroup;
			children = (
				C4BBA38A1CDEE7620012AE66 /* Controller */,
				C4BBA38B1CDEE7620012AE66 /* Model */,
				C4BBA38C1CDEE7620012AE66 /* View */,
			);
			path = "Essence(精华)";
			sourceTree = "<group>";
		};
		C4BBA38A1CDEE7620012AE66 /* Controller */ = {
			isa = PBXGroup;
			children = (
				C4BBA3A71CDEF6BF0012AE66 /* JKEssenceViewController.h */,
				C4BBA3A81CDEF6BF0012AE66 /* JKEssenceViewController.m */,
			);
			path = Controller;
			sourceTree = "<group>";
		};
		C4BBA38B1CDEE7620012AE66 /* Model */ = {
			isa = PBXGroup;
			children = (
			);
			path = Model;
			sourceTree = "<group>";
		};
		C4BBA38C1CDEE7620012AE66 /* View */ = {
			isa = PBXGroup;
			children = (
			);
			path = View;
			sourceTree = "<group>";
		};
		C4BBA38D1CDEE7620012AE66 /* FriendTrend(关注) */ = {
			isa = PBXGroup;
			children = (
				C4BBA38E1CDEE7620012AE66 /* Controller */,
				C4BBA38F1CDEE7620012AE66 /* Model */,
				C4BBA3901CDEE7620012AE66 /* View */,
			);
			path = "FriendTrend(关注)";
			sourceTree = "<group>";
		};
		C4BBA38E1CDEE7620012AE66 /* Controller */ = {
			isa = PBXGroup;
			children = (
				C4BBA3B01CDEF7040012AE66 /* JKFriendTrendViewController.h */,
				C4BBA3B11CDEF7040012AE66 /* JKFriendTrendViewController.m */,
				C4BBA3EF1CDF25190012AE66 /* JKFriendTrendsViewController.xib */,
				C4BBA3F71CDF25790012AE66 /* JKLoginViewController.h */,
				C4BBA3F81CDF25790012AE66 /* JKLoginViewController.m */,
				C4BBA3F91CDF25790012AE66 /* JKLoginViewController.xib */,
			);
			path = Controller;
			sourceTree = "<group>";
		};
		C4BBA38F1CDEE7620012AE66 /* Model */ = {
			isa = PBXGroup;
			children = (
			);
			path = Model;
			sourceTree = "<group>";
		};
		C4BBA3901CDEE7620012AE66 /* View */ = {
			isa = PBXGroup;
			children = (
				C4BBA3F21CDF25640012AE66 /* JKLoginRegisterView.h */,
				C4BBA3F31CDF25640012AE66 /* JKLoginRegisterView.m */,
				C4BBA3F41CDF25640012AE66 /* JKLoginRegisterView.xib */,
				C4BBA3FC1CDF262E0012AE66 /* JKFastLogin.h */,
				C4BBA3FD1CDF262E0012AE66 /* JKFastLogin.m */,
				C4BBA3FE1CDF262E0012AE66 /* JKFastLogin.xib */,
				C4BBA4011CDF26390012AE66 /* JKFastLoginBtn.h */,
				C4BBA4021CDF26390012AE66 /* JKFastLoginBtn.m */,
			);
			path = View;
			sourceTree = "<group>";
		};
		C4BBA3911CDEE7620012AE66 /* Main */ = {
			isa = PBXGroup;
			children = (
				C4BBA3921CDEE7620012AE66 /* Controller */,
				C4BBA3931CDEE7620012AE66 /* Model */,
				C4BBA3941CDEE7620012AE66 /* View */,
			);
			path = Main;
			sourceTree = "<group>";
		};
		C4BBA3921CDEE7620012AE66 /* Controller */ = {
			isa = PBXGroup;
			children = (
				C4BBA3A11CDEF6420012AE66 /* JKTabBarController.h */,
				C4BBA3A21CDEF6420012AE66 /* JKTabBarController.m */,
				C4BBA3C41CDF0F6D0012AE66 /* JKNavigationController.h */,
				C4BBA3C51CDF0F6D0012AE66 /* JKNavigationController.m */,
			);
			path = Controller;
			sourceTree = "<group>";
		};
		C4BBA3931CDEE7620012AE66 /* Model */ = {
			isa = PBXGroup;
			children = (
			);
			path = Model;
			sourceTree = "<group>";
		};
		C4BBA3941CDEE7620012AE66 /* View */ = {
			isa = PBXGroup;
			children = (
				C4BBA3BB1CDF06AF0012AE66 /* JKTabBar.h */,
				C4BBA3BA1CDF06AF0012AE66 /* JKTabBar.m */,
			);
			path = View;
			sourceTree = "<group>";
		};
		C4BBA3951CDEE7620012AE66 /* Me(我) */ = {
			isa = PBXGroup;
			children = (
				C4BBA3961CDEE7620012AE66 /* Controller */,
				C4BBA3971CDEE7620012AE66 /* Model */,
				C4BBA3981CDEE7620012AE66 /* View */,
			);
			path = "Me(我)";
			sourceTree = "<group>";
		};
		C4BBA3961CDEE7620012AE66 /* Controller */ = {
			isa = PBXGroup;
			children = (
				C4BBA3B31CDEF71E0012AE66 /* JKMeViewContoller.h */,
				C4BBA3B41CDEF71E0012AE66 /* JKMeViewContoller.m */,
			);
			path = Controller;
			sourceTree = "<group>";
		};
		C4BBA3971CDEE7620012AE66 /* Model */ = {
			isa = PBXGroup;
			children = (
			);
			path = Model;
			sourceTree = "<group>";
		};
		C4BBA3981CDEE7620012AE66 /* View */ = {
			isa = PBXGroup;
			children = (
			);
			path = View;
			sourceTree = "<group>";
		};
		C4BBA3991CDEE7620012AE66 /* New(新帖) */ = {
			isa = PBXGroup;
			children = (
				C4BBA39A1CDEE7620012AE66 /* Controller */,
				C4BBA39B1CDEE7620012AE66 /* Model */,
				C4BBA39C1CDEE7620012AE66 /* View */,
			);
			path = "New(新帖)";
			sourceTree = "<group>";
		};
		C4BBA39A1CDEE7620012AE66 /* Controller */ = {
			isa = PBXGroup;
			children = (
				C4BBA3AA1CDEF6CD0012AE66 /* JKNewViewContoller.h */,
				C4BBA3AB1CDEF6CD0012AE66 /* JKNewViewContoller.m */,
				C4BBA3EA1CDF1C550012AE66 /* JKSubTagViewController.h */,
				C4BBA3EB1CDF1C550012AE66 /* JKSubTagViewController.m */,
			);
			path = Controller;
			sourceTree = "<group>";
		};
		C4BBA39B1CDEE7620012AE66 /* Model */ = {
			isa = PBXGroup;
			children = (
				C4BBA3E71CDF1C490012AE66 /* JKSubTagItem.h */,
				C4BBA3E81CDF1C490012AE66 /* JKSubTagItem.m */,
			);
			path = Model;
			sourceTree = "<group>";
		};
		C4BBA39C1CDEE7620012AE66 /* View */ = {
			isa = PBXGroup;
			children = (
				C4BBA3E21CDF1C410012AE66 /* JKSubTagCell.h */,
				C4BBA3E31CDF1C410012AE66 /* JKSubTagCell.m */,
				C4BBA3E41CDF1C410012AE66 /* JKSubTagCell.xib */,
			);
			path = View;
			sourceTree = "<group>";
		};
		C4BBA39D1CDEE7620012AE66 /* Publish(发布) */ = {
			isa = PBXGroup;
			children = (
				C4BBA39E1CDEE7620012AE66 /* Controller */,
				C4BBA39F1CDEE7620012AE66 /* Model */,
				C4BBA3A01CDEE7620012AE66 /* View */,
			);
			path = "Publish(发布)";
			sourceTree = "<group>";
		};
		C4BBA39E1CDEE7620012AE66 /* Controller */ = {
			isa = PBXGroup;
			children = (
				C4BBA3AD1CDEF6DD0012AE66 /* JKPublishViewController.h */,
				C4BBA3AE1CDEF6DD0012AE66 /* JKPublishViewController.m */,
			);
			path = Controller;
			sourceTree = "<group>";
		};
		C4BBA39F1CDEE7620012AE66 /* Model */ = {
			isa = PBXGroup;
			children = (
			);
			path = Model;
			sourceTree = "<group>";
		};
		C4BBA3A01CDEE7620012AE66 /* View */ = {
			isa = PBXGroup;
			children = (
			);
			path = View;
			sourceTree = "<group>";
		};
		C4BBA3B91CDEF87C0012AE66 /* Category */ = {
			isa = PBXGroup;
			children = (
				C4BBA3C01CDF06EC0012AE66 /* BuDeJie.pch */,
				C4BBA4041CDF27690012AE66 /* UITextField+Placeholder.h */,
				C4BBA4051CDF27690012AE66 /* UITextField+Placeholder.m */,
				C4BBA3C11CDF0BB50012AE66 /* UIBarButtonItem+Item.h */,
				C4BBA3C21CDF0BB50012AE66 /* UIBarButtonItem+Item.m */,
				C4BBA3BD1CDF06DB0012AE66 /* UIView+Frame.h */,
				C4BBA3BE1CDF06DB0012AE66 /* UIView+Frame.m */,
				C4BBA3B61CDEF8750012AE66 /* UIImage+Render.h */,
				C4BBA3B71CDEF8750012AE66 /* UIImage+Render.m */,
				C4BBA3DF1CDF16F20012AE66 /* JKConstant.h */,
				C4BBA3E01CDF16F20012AE66 /* JKConstant.m */,
			);
			name = Category;
			sourceTree = "<group>";
		};
		C4BBA3CC1CDF136A0012AE66 /* AD */ = {
			isa = PBXGroup;
			children = (
				C4BBA3C71CDF13650012AE66 /* JKADViewController.h */,
				C4BBA3C81CDF13650012AE66 /* JKADViewController.m */,
				C4BBA3C91CDF13650012AE66 /* JKADViewController.xib */,
				C4BBA3DC1CDF159B0012AE66 /* JKADItem.h */,
				C4BBA3DD1CDF159B0012AE66 /* JKADItem.m */,
			);
			name = AD;
			sourceTree = "<group>";
		};
		C4BBA3DB1CDF13BE0012AE66 /* LauchScreen */ = {
			isa = PBXGroup;
			children = (
				C4BBA3CD1CDF13B30012AE66 /* LaunchImage-568h@2x.png */,
				C4BBA3CE1CDF13B30012AE66 /* LaunchImage-700-568h@2x.png */,
				C4BBA3CF1CDF13B30012AE66 /* LaunchImage-700@2x.png */,
				C4BBA3D01CDF13B30012AE66 /* LaunchImage-800-667h@2x.png */,
				C4BBA3D11CDF13B30012AE66 /* LaunchImage-800-Portrait-736h@3x.png */,
				C4BBA3D21CDF13B30012AE66 /* LaunchImage.png */,
				C4BBA3D31CDF13B30012AE66 /* LaunchImage@2x.png */,
			);
			name = LauchScreen;
			sourceTree = "<group>";
		};
		FB84AF8C3693BF1E3C925D47 /* Pods */ = {
			isa = PBXGroup;
			children = (
				5472DC87B5F5B5107CBD4380 /* Pods.debug.xcconfig */,
				12A9737760E7BFB798FE3003 /* Pods.release.xcconfig */,
			);
			name = Pods;
			sourceTree = "<group>";
		};
/* End PBXGroup section */

/* Begin PBXNativeTarget section */
		C4BBA3501CDEE4B10012AE66 /* NewProject */ = {
			isa = PBXNativeTarget;
			buildConfigurationList = C4BBA37E1CDEE4B20012AE66 /* Build configuration list for PBXNativeTarget "NewProject" */;
			buildPhases = (
				7E9312AA46FAE1F49165BDA1 /* Check Pods Manifest.lock */,
				C4BBA34D1CDEE4B10012AE66 /* Sources */,
				C4BBA34E1CDEE4B10012AE66 /* Frameworks */,
				C4BBA34F1CDEE4B10012AE66 /* Resources */,
				5AC262FB54B5E228FAD635CD /* Embed Pods Frameworks */,
				FDC6DA0294B4F0B261785A5B /* Copy Pods Resources */,
			);
			buildRules = (
			);
			dependencies = (
			);
			name = NewProject;
			productName = NewProject;
			productReference = C4BBA3511CDEE4B10012AE66 /* NewProject.app */;
			productType = "com.apple.product-type.application";
		};
		C4BBA3691CDEE4B20012AE66 /* NewProjectTests */ = {
			isa = PBXNativeTarget;
			buildConfigurationList = C4BBA3811CDEE4B20012AE66 /* Build configuration list for PBXNativeTarget "NewProjectTests" */;
			buildPhases = (
				C4BBA3661CDEE4B20012AE66 /* Sources */,
				C4BBA3671CDEE4B20012AE66 /* Frameworks */,
				C4BBA3681CDEE4B20012AE66 /* Resources */,
			);
			buildRules = (
			);
			dependencies = (
				C4BBA36C1CDEE4B20012AE66 /* PBXTargetDependency */,
			);
			name = NewProjectTests;
			productName = NewProjectTests;
			productReference = C4BBA36A1CDEE4B20012AE66 /* NewProjectTests.xctest */;
			productType = "com.apple.product-type.bundle.unit-test";
		};
		C4BBA3741CDEE4B20012AE66 /* NewProjectUITests */ = {
			isa = PBXNativeTarget;
			buildConfigurationList = C4BBA3841CDEE4B20012AE66 /* Build configuration list for PBXNativeTarget "NewProjectUITests" */;
			buildPhases = (
				C4BBA3711CDEE4B20012AE66 /* Sources */,
				C4BBA3721CDEE4B20012AE66 /* Frameworks */,
				C4BBA3731CDEE4B20012AE66 /* Resources */,
			);
			buildRules = (
			);
			dependencies = (
				C4BBA3771CDEE4B20012AE66 /* PBXTargetDependency */,
			);
			name = NewProjectUITests;
			productName = NewProjectUITests;
			productReference = C4BBA3751CDEE4B20012AE66 /* NewProjectUITests.xctest */;
			productType = "com.apple.product-type.bundle.ui-testing";
		};
/* End PBXNativeTarget section */

/* Begin PBXProject section */
		C4BBA3491CDEE4B10012AE66 /* Project object */ = {
			isa = PBXProject;
			attributes = {
				LastUpgradeCheck = 0720;
				ORGANIZATIONNAME = Jerry;
				TargetAttributes = {
					C4BBA3501CDEE4B10012AE66 = {
						CreatedOnToolsVersion = 7.2.1;
						DevelopmentTeam = 59LT62WFZG;
					};
					C4BBA3691CDEE4B20012AE66 = {
						CreatedOnToolsVersion = 7.2.1;
						DevelopmentTeam = 59LT62WFZG;
						TestTargetID = C4BBA3501CDEE4B10012AE66;
					};
					C4BBA3741CDEE4B20012AE66 = {
						CreatedOnToolsVersion = 7.2.1;
						DevelopmentTeam = 59LT62WFZG;
						TestTargetID = C4BBA3501CDEE4B10012AE66;
					};
				};
			};
			buildConfigurationList = C4BBA34C1CDEE4B10012AE66 /* Build configuration list for PBXProject "NewProject" */;
			compatibilityVersion = "Xcode 3.2";
			developmentRegion = English;
			hasScannedForEncodings = 0;
			knownRegions = (
				en,
				Base,
			);
			mainGroup = C4BBA3481CDEE4B10012AE66;
			productRefGroup = C4BBA3521CDEE4B10012AE66 /* Products */;
			projectDirPath = "";
			projectRoot = "";
			targets = (
				C4BBA3501CDEE4B10012AE66 /* NewProject */,
				C4BBA3691CDEE4B20012AE66 /* NewProjectTests */,
				C4BBA3741CDEE4B20012AE66 /* NewProjectUITests */,
			);
		};
/* End PBXProject section */

/* Begin PBXResourcesBuildPhase section */
		C4BBA34F1CDEE4B10012AE66 /* Resources */ = {
			isa = PBXResourcesBuildPhase;
			buildActionMask = 2147483647;
			files = (
				C4BBA3CB1CDF13650012AE66 /* JKADViewController.xib in Resources */,
				C4BBA3D81CDF13B30012AE66 /* LaunchImage-800-Portrait-736h@3x.png in Resources */,
				C4BBA3F61CDF25640012AE66 /* JKLoginRegisterView.xib in Resources */,
				C4BBA3641CDEE4B10012AE66 /* LaunchScreen.storyboard in Resources */,
				C4BBA3DA1CDF13B30012AE66 /* LaunchImage@2x.png in Resources */,
				C4BBA3E61CDF1C410012AE66 /* JKSubTagCell.xib in Resources */,
				C4BBA3D51CDF13B30012AE66 /* LaunchImage-700-568h@2x.png in Resources */,
				C4BBA3D71CDF13B30012AE66 /* LaunchImage-800-667h@2x.png in Resources */,
				C4BBA3FB1CDF25790012AE66 /* JKLoginViewController.xib in Resources */,
				C4BBA3D41CDF13B30012AE66 /* LaunchImage-568h@2x.png in Resources */,
				C4BBA3D91CDF13B30012AE66 /* LaunchImage.png in Resources */,
				C4BBA3611CDEE4B10012AE66 /* Assets.xcassets in Resources */,
				C4BBA4001CDF262E0012AE66 /* JKFastLogin.xib in Resources */,
				C4BBA3F11CDF25190012AE66 /* JKFriendTrendsViewController.xib in Resources */,
				C4BBA3D61CDF13B30012AE66 /* LaunchImage-700@2x.png in Resources */,
				C4BBA35F1CDEE4B10012AE66 /* Main.storyboard in Resources */,
			);
			runOnlyForDeploymentPostprocessing = 0;
		};
		C4BBA3681CDEE4B20012AE66 /* Resources */ = {
			isa = PBXResourcesBuildPhase;
			buildActionMask = 2147483647;
			files = (
			);
			runOnlyForDeploymentPostprocessing = 0;
		};
		C4BBA3731CDEE4B20012AE66 /* Resources */ = {
			isa = PBXResourcesBuildPhase;
			buildActionMask = 2147483647;
			files = (
			);
			runOnlyForDeploymentPostprocessing = 0;
		};
/* End PBXResourcesBuildPhase section */

/* Begin PBXShellScriptBuildPhase section */
		5AC262FB54B5E228FAD635CD /* Embed Pods Frameworks */ = {
			isa = PBXShellScriptBuildPhase;
			buildActionMask = 2147483647;
			files = (
			);
			inputPaths = (
			);
			name = "Embed Pods Frameworks";
			outputPaths = (
			);
			runOnlyForDeploymentPostprocessing = 0;
			shellPath = /bin/sh;
			shellScript = "\"${SRCROOT}/Pods/Target Support Files/Pods/Pods-frameworks.sh\"\n";
			showEnvVarsInLog = 0;
		};
		7E9312AA46FAE1F49165BDA1 /* Check Pods Manifest.lock */ = {
			isa = PBXShellScriptBuildPhase;
			buildActionMask = 2147483647;
			files = (
			);
			inputPaths = (
			);
			name = "Check Pods Manifest.lock";
			outputPaths = (
			);
			runOnlyForDeploymentPostprocessing = 0;
			shellPath = /bin/sh;
			shellScript = "diff \"${PODS_ROOT}/../Podfile.lock\" \"${PODS_ROOT}/Manifest.lock\" > /dev/null\nif [[ $? != 0 ]] ; then\n    cat << EOM\nerror: The sandbox is not in sync with the Podfile.lock. Run 'pod install' or update your CocoaPods installation.\nEOM\n    exit 1\nfi\n";
			showEnvVarsInLog = 0;
		};
		FDC6DA0294B4F0B261785A5B /* Copy Pods Resources */ = {
			isa = PBXShellScriptBuildPhase;
			buildActionMask = 2147483647;
			files = (
			);
			inputPaths = (
			);
			name = "Copy Pods Resources";
			outputPaths = (
			);
			runOnlyForDeploymentPostprocessing = 0;
			shellPath = /bin/sh;
			shellScript = "\"${SRCROOT}/Pods/Target Support Files/Pods/Pods-resources.sh\"\n";
			showEnvVarsInLog = 0;
		};
/* End PBXShellScriptBuildPhase section */

/* Begin PBXSourcesBuildPhase section */
		C4BBA34D1CDEE4B10012AE66 /* Sources */ = {
			isa = PBXSourcesBuildPhase;
			buildActionMask = 2147483647;
			files = (
				C4BBA3591CDEE4B10012AE66 /* AppDelegate.m in Sources */,
				C4BBA4031CDF26390012AE66 /* JKFastLoginBtn.m in Sources */,
				C4BBA3EC1CDF1C550012AE66 /* JKSubTagViewController.m in Sources */,
				C4BBA3E91CDF1C490012AE66 /* JKSubTagItem.m in Sources */,
				C4BBA3C31CDF0BB50012AE66 /* UIBarButtonItem+Item.m in Sources */,
				C4BBA3FF1CDF262E0012AE66 /* JKFastLogin.m in Sources */,
				C4BBA3B81CDEF8750012AE66 /* UIImage+Render.m in Sources */,
				C4BBA3DE1CDF159B0012AE66 /* JKADItem.m in Sources */,
				C4BBA3BC1CDF06AF0012AE66 /* JKTabBar.m in Sources */,
				C4BBA4061CDF27690012AE66 /* UITextField+Placeholder.m in Sources */,
				C4BBA3561CDEE4B10012AE66 /* main.m in Sources */,
				C4BBA3E11CDF16F20012AE66 /* JKConstant.m in Sources */,
				C4BBA3B51CDEF71E0012AE66 /* JKMeViewContoller.m in Sources */,
				C4BBA3E51CDF1C410012AE66 /* JKSubTagCell.m in Sources */,
				C4BBA3CA1CDF13650012AE66 /* JKADViewController.m in Sources */,
				C4BBA3A91CDEF6BF0012AE66 /* JKEssenceViewController.m in Sources */,
				C4BBA3FA1CDF25790012AE66 /* JKLoginViewController.m in Sources */,
				C4BBA3B21CDEF7040012AE66 /* JKFriendTrendViewController.m in Sources */,
				C4BBA3AF1CDEF6DD0012AE66 /* JKPublishViewController.m in Sources */,
				C4BBA3F51CDF25640012AE66 /* JKLoginRegisterView.m in Sources */,
				C4BBA3A31CDEF6420012AE66 /* JKTabBarController.m in Sources */,
				C4BBA3AC1CDEF6CD0012AE66 /* JKNewViewContoller.m in Sources */,
				C4BBA3C61CDF0F6D0012AE66 /* JKNavigationController.m in Sources */,
				C4BBA3BF1CDF06DB0012AE66 /* UIView+Frame.m in Sources */,
			);
			runOnlyForDeploymentPostprocessing = 0;
		};
		C4BBA3661CDEE4B20012AE66 /* Sources */ = {
			isa = PBXSourcesBuildPhase;
			buildActionMask = 2147483647;
			files = (
				C4BBA36F1CDEE4B20012AE66 /* NewProjectTests.m in Sources */,
			);
			runOnlyForDeploymentPostprocessing = 0;
		};
		C4BBA3711CDEE4B20012AE66 /* Sources */ = {
			isa = PBXSourcesBuildPhase;
			buildActionMask = 2147483647;
			files = (
				C4BBA37A1CDEE4B20012AE66 /* NewProjectUITests.m in Sources */,
			);
			runOnlyForDeploymentPostprocessing = 0;
		};
/* End PBXSourcesBuildPhase section */

/* Begin PBXTargetDependency section */
		C4BBA36C1CDEE4B20012AE66 /* PBXTargetDependency */ = {
			isa = PBXTargetDependency;
			target = C4BBA3501CDEE4B10012AE66 /* NewProject */;
			targetProxy = C4BBA36B1CDEE4B20012AE66 /* PBXContainerItemProxy */;
		};
		C4BBA3771CDEE4B20012AE66 /* PBXTargetDependency */ = {
			isa = PBXTargetDependency;
			target = C4BBA3501CDEE4B10012AE66 /* NewProject */;
			targetProxy = C4BBA3761CDEE4B20012AE66 /* PBXContainerItemProxy */;
		};
/* End PBXTargetDependency section */

/* Begin PBXVariantGroup section */
		C4BBA35D1CDEE4B10012AE66 /* Main.storyboard */ = {
			isa = PBXVariantGroup;
			children = (
				C4BBA35E1CDEE4B10012AE66 /* Base */,
			);
			name = Main.storyboard;
			sourceTree = "<group>";
		};
		C4BBA3621CDEE4B10012AE66 /* LaunchScreen.storyboard */ = {
			isa = PBXVariantGroup;
			children = (
				C4BBA3631CDEE4B10012AE66 /* Base */,
			);
			name = LaunchScreen.storyboard;
			sourceTree = "<group>";
		};
/* End PBXVariantGroup section */

/* Begin XCBuildConfiguration section */
		C4BBA37C1CDEE4B20012AE66 /* Debug */ = {
			isa = XCBuildConfiguration;
			buildSettings = {
				ALWAYS_SEARCH_USER_PATHS = NO;
				CLANG_CXX_LANGUAGE_STANDARD = "gnu++0x";
				CLANG_CXX_LIBRARY = "libc++";
				CLANG_ENABLE_MODULES = YES;
				CLANG_ENABLE_OBJC_ARC = YES;
				CLANG_WARN_BOOL_CONVERSION = YES;
				CLANG_WARN_CONSTANT_CONVERSION = YES;
				CLANG_WARN_DIRECT_OBJC_ISA_USAGE = YES_ERROR;
				CLANG_WARN_EMPTY_BODY = YES;
				CLANG_WARN_ENUM_CONVERSION = YES;
				CLANG_WARN_INT_CONVERSION = YES;
				CLANG_WARN_OBJC_ROOT_CLASS = YES_ERROR;
				CLANG_WARN_UNREACHABLE_CODE = YES;
				CLANG_WARN__DUPLICATE_METHOD_MATCH = YES;
				"CODE_SIGN_IDENTITY[sdk=iphoneos*]" = "iPhone Developer";
				COPY_PHASE_STRIP = NO;
				DEBUG_INFORMATION_FORMAT = dwarf;
				ENABLE_STRICT_OBJC_MSGSEND = YES;
				ENABLE_TESTABILITY = YES;
				GCC_C_LANGUAGE_STANDARD = gnu99;
				GCC_DYNAMIC_NO_PIC = NO;
				GCC_NO_COMMON_BLOCKS = YES;
				GCC_OPTIMIZATION_LEVEL = 0;
				GCC_PREPROCESSOR_DEFINITIONS = (
					"DEBUG=1",
					"$(inherited)",
				);
				GCC_WARN_64_TO_32_BIT_CONVERSION = YES;
				GCC_WARN_ABOUT_RETURN_TYPE = YES_ERROR;
				GCC_WARN_UNDECLARED_SELECTOR = YES;
				GCC_WARN_UNINITIALIZED_AUTOS = YES_AGGRESSIVE;
				GCC_WARN_UNUSED_FUNCTION = YES;
				GCC_WARN_UNUSED_VARIABLE = YES;
				IPHONEOS_DEPLOYMENT_TARGET = 9.2;
				MTL_ENABLE_DEBUG_INFO = YES;
				ONLY_ACTIVE_ARCH = YES;
				SDKROOT = iphoneos;
			};
			name = Debug;
		};
		C4BBA37D1CDEE4B20012AE66 /* Release */ = {
			isa = XCBuildConfiguration;
			buildSettings = {
				ALWAYS_SEARCH_USER_PATHS = NO;
				CLANG_CXX_LANGUAGE_STANDARD = "gnu++0x";
				CLANG_CXX_LIBRARY = "libc++";
				CLANG_ENABLE_MODULES = YES;
				CLANG_ENABLE_OBJC_ARC = YES;
				CLANG_WARN_BOOL_CONVERSION = YES;
				CLANG_WARN_CONSTANT_CONVERSION = YES;
				CLANG_WARN_DIRECT_OBJC_ISA_USAGE = YES_ERROR;
				CLANG_WARN_EMPTY_BODY = YES;
				CLANG_WARN_ENUM_CONVERSION = YES;
				CLANG_WARN_INT_CONVERSION = YES;
				CLANG_WARN_OBJC_ROOT_CLASS = YES_ERROR;
				CLANG_WARN_UNREACHABLE_CODE = YES;
				CLANG_WARN__DUPLICATE_METHOD_MATCH = YES;
				"CODE_SIGN_IDENTITY[sdk=iphoneos*]" = "iPhone Developer";
				COPY_PHASE_STRIP = NO;
				DEBUG_INFORMATION_FORMAT = "dwarf-with-dsym";
				ENABLE_NS_ASSERTIONS = NO;
				ENABLE_STRICT_OBJC_MSGSEND = YES;
				GCC_C_LANGUAGE_STANDARD = gnu99;
				GCC_NO_COMMON_BLOCKS = YES;
				GCC_WARN_64_TO_32_BIT_CONVERSION = YES;
				GCC_WARN_ABOUT_RETURN_TYPE = YES_ERROR;
				GCC_WARN_UNDECLARED_SELECTOR = YES;
				GCC_WARN_UNINITIALIZED_AUTOS = YES_AGGRESSIVE;
				GCC_WARN_UNUSED_FUNCTION = YES;
				GCC_WARN_UNUSED_VARIABLE = YES;
				IPHONEOS_DEPLOYMENT_TARGET = 9.2;
				MTL_ENABLE_DEBUG_INFO = NO;
				SDKROOT = iphoneos;
				VALIDATE_PRODUCT = YES;
			};
			name = Release;
		};
		C4BBA37F1CDEE4B20012AE66 /* Debug */ = {
			isa = XCBuildConfiguration;
			baseConfigurationReference = 5472DC87B5F5B5107CBD4380 /* Pods.debug.xcconfig */;
			buildSettings = {
				ASSETCATALOG_COMPILER_APPICON_NAME = AppIcon;
				ASSETCATALOG_COMPILER_LAUNCHIMAGE_NAME = "Brand Assets";
				GCC_INCREASE_PRECOMPILED_HEADER_SHARING = NO;
				GCC_PREFIX_HEADER = NewProject/BuDeJie.pch;
				INFOPLIST_FILE = NewProject/Info.plist;
				IPHONEOS_DEPLOYMENT_TARGET = 9.0;
				LD_RUNPATH_SEARCH_PATHS = "$(inherited) @executable_path/Frameworks";
				PRODUCT_BUNDLE_IDENTIFIER = com.JKing.NewProject;
				PRODUCT_NAME = "$(TARGET_NAME)";
			};
			name = Debug;
		};
		C4BBA3801CDEE4B20012AE66 /* Release */ = {
			isa = XCBuildConfiguration;
			baseConfigurationReference = 12A9737760E7BFB798FE3003 /* Pods.release.xcconfig */;
			buildSettings = {
				ASSETCATALOG_COMPILER_APPICON_NAME = AppIcon;
				ASSETCATALOG_COMPILER_LAUNCHIMAGE_NAME = "Brand Assets";
				GCC_INCREASE_PRECOMPILED_HEADER_SHARING = NO;
				GCC_PREFIX_HEADER = NewProject/BuDeJie.pch;
				INFOPLIST_FILE = NewProject/Info.plist;
				IPHONEOS_DEPLOYMENT_TARGET = 9.0;
				LD_RUNPATH_SEARCH_PATHS = "$(inherited) @executable_path/Frameworks";
				PRODUCT_BUNDLE_IDENTIFIER = com.JKing.NewProject;
				PRODUCT_NAME = "$(TARGET_NAME)";
			};
			name = Release;
		};
		C4BBA3821CDEE4B20012AE66 /* Debug */ = {
			isa = XCBuildConfiguration;
			buildSettings = {
				BUNDLE_LOADER = "$(TEST_HOST)";
				INFOPLIST_FILE = NewProjectTests/Info.plist;
				LD_RUNPATH_SEARCH_PATHS = "$(inherited) @executable_path/Frameworks @loader_path/Frameworks";
				PRODUCT_BUNDLE_IDENTIFIER = com.JKing.NewProjectTests;
				PRODUCT_NAME = "$(TARGET_NAME)";
				TEST_HOST = "$(BUILT_PRODUCTS_DIR)/NewProject.app/NewProject";
			};
			name = Debug;
		};
		C4BBA3831CDEE4B20012AE66 /* Release */ = {
			isa = XCBuildConfiguration;
			buildSettings = {
				BUNDLE_LOADER = "$(TEST_HOST)";
				INFOPLIST_FILE = NewProjectTests/Info.plist;
				LD_RUNPATH_SEARCH_PATHS = "$(inherited) @executable_path/Frameworks @loader_path/Frameworks";
				PRODUCT_BUNDLE_IDENTIFIER = com.JKing.NewProjectTests;
				PRODUCT_NAME = "$(TARGET_NAME)";
				TEST_HOST = "$(BUILT_PRODUCTS_DIR)/NewProject.app/NewProject";
			};
			name = Release;
		};
		C4BBA3851CDEE4B20012AE66 /* Debug */ = {
			isa = XCBuildConfiguration;
			buildSettings = {
				INFOPLIST_FILE = NewProjectUITests/Info.plist;
				LD_RUNPATH_SEARCH_PATHS = "$(inherited) @executable_path/Frameworks @loader_path/Frameworks";
				PRODUCT_BUNDLE_IDENTIFIER = com.JKing.NewProjectUITests;
				PRODUCT_NAME = "$(TARGET_NAME)";
				TEST_TARGET_NAME = NewProject;
				USES_XCTRUNNER = YES;
			};
			name = Debug;
		};
		C4BBA3861CDEE4B20012AE66 /* Release */ = {
			isa = XCBuildConfiguration;
			buildSettings = {
				INFOPLIST_FILE = NewProjectUITests/Info.plist;
				LD_RUNPATH_SEARCH_PATHS = "$(inherited) @executable_path/Frameworks @loader_path/Frameworks";
				PRODUCT_BUNDLE_IDENTIFIER = com.JKing.NewProjectUITests;
				PRODUCT_NAME = "$(TARGET_NAME)";
				TEST_TARGET_NAME = NewProject;
				USES_XCTRUNNER = YES;
			};
			name = Release;
		};
/* End XCBuildConfiguration section */

/* Begin XCConfigurationList section */
		C4BBA34C1CDEE4B10012AE66 /* Build configuration list for PBXProject "NewProject" */ = {
			isa = XCConfigurationList;
			buildConfigurations = (
				C4BBA37C1CDEE4B20012AE66 /* Debug */,
				C4BBA37D1CDEE4B20012AE66 /* Release */,
			);
			defaultConfigurationIsVisible = 0;
			defaultConfigurationName = Release;
		};
		C4BBA37E1CDEE4B20012AE66 /* Build configuration list for PBXNativeTarget "NewProject" */ = {
			isa = XCConfigurationList;
			buildConfigurations = (
				C4BBA37F1CDEE4B20012AE66 /* Debug */,
				C4BBA3801CDEE4B20012AE66 /* Release */,
			);
			defaultConfigurationIsVisible = 0;
			defaultConfigurationName = Release;
		};
		C4BBA3811CDEE4B20012AE66 /* Build configuration list for PBXNativeTarget "NewProjectTests" */ = {
			isa = XCConfigurationList;
			buildConfigurations = (
				C4BBA3821CDEE4B20012AE66 /* Debug */,
				C4BBA3831CDEE4B20012AE66 /* Release */,
			);
			defaultConfigurationIsVisible = 0;
			defaultConfigurationName = Release;
		};
		C4BBA3841CDEE4B20012AE66 /* Build configuration list for PBXNativeTarget "NewProjectUITests" */ = {
			isa = XCConfigurationList;
			buildConfigurations = (
				C4BBA3851CDEE4B20012AE66 /* Debug */,
				C4BBA3861CDEE4B20012AE66 /* Release */,
			);
			defaultConfigurationIsVisible = 0;
			defaultConfigurationName = Release;
		};
/* End XCConfigurationList section */
	};
	rootObject = C4BBA3491CDEE4B10012AE66 /* Project object */;
}
